
Microsoft Visual Studio Solution File, Format Version 12.00
# Visual Studio 2012
Project("{FAE04EC0-301F-11D3-BF4B-00C04F79EFBC}") = "iexperience", "iexperience\iexperience.csproj", "{3926F87D-BB22-441D-BFB2-8687CB5EACC3}"
EndProject
Global
	GlobalSection(SolutionConfigurationPlatforms) = preSolution
		Debug|Any CPU = Debug|Any CPU
		Release|Any CPU = Release|Any CPU
	EndGlobalSection
	GlobalSection(ProjectConfigurationPlatforms) = postSolution
		{3926F87D-BB22-441D-BFB2-8687CB5EACC3}.Debug|Any CPU.ActiveCfg = Debug|Any CPU
		{3926F87D-BB22-441D-BFB2-8687CB5EACC3}.Debug|Any CPU.Build.0 = Debug|Any CPU
		{3926F87D-BB22-441D-BFB2-8687CB5EACC3}.Release|Any CPU.ActiveCfg = Release|Any CPU
		{3926F87D-BB22-441D-BFB2-8687CB5EACC3}.Release|Any CPU.Build.0 = Release|Any CPU
	EndGlobalSection
	GlobalSection(MonoDevelopProperties) = preSolution
		Policies = $0
		$0.DotNetNamingPolicy = $1
		$1.DirectoryNamespaceAssociation = PrefixedHierarchical
		$0.StandardHeader = $2
		$0.VersionControlPolicy = $3
	EndGlobalSection
EndGlobal
